{
    "_meta": {
        "hash": {
            "sha256": "9df704d8d4e00d94a84309b49eea0e6e44727422ad71eb43b978b3fbf0d3d0a2"
        },
        "pipfile-spec": 6,
        "requires": {
            "python_version": "3.11"
        },
        "sources": [
            {
                "name": "pypi",
                "url": "https://pypi.org/simple",
                "verify_ssl": true
            }
        ]
    },
    "default": {
        "pathlib": {
            "hashes": [
                "sha256:6940718dfc3eff4258203ad5021090933e5c04707d5ca8cc9e73c94a7894ea9f",
                "sha256:f35f95ab8b0f59e6d354090350b44a80a80635d22efdedfa84c7ad1cf0a74147"
            ],
            "index": "pypi",
            "version": "==1.0.1"
        },
        "pyudev": {
            "hashes": [
                "sha256:2e945427a21674893bb97632401db62139d91cea1ee96137cc7b07ad22198fc7",
                "sha256:e8246f0a014fe370119ba2bc781bfbe62c0298d0d6b39c94e83102a8a3f56960"
            ],
            "index": "pypi",
            "version": "==0.24.3"
        },
        "pyusb": {
            "hashes": [
                "sha256:2b4c7cb86dbadf044dfb9d3a4ff69fd217013dbe78a792177a3feb172449ea36",
                "sha256:a4cc7404a203144754164b8b40994e2849fde1cfff06b08492f12fff9d9de7b9"
            ],
            "index": "pypi",
            "version": "==1.2.1"
        },
        "usb": {
            "hashes": [
                "sha256:0afe4a703acab36a7b956e6b1381a9d0ce147b066a6382bd414eb10b9b0e3d3d",
                "sha256:a459f58fcdf227611f4f08d232735307e9258545f06c84c00bdb4230b6ae2812"
            ],
            "index": "pypi",
            "version": "==0.0.83.dev0"
        }
    },
    "develop": {}
}
